
Microsoft Visual Studio Solution File, Format Version 12.00
Project("{FAE04EC0-301F-11D3-BF4B-00C04F79EFBC}") = "SuperPasses", "SuperPasses\SuperPasses.csproj", "{2B566A66-32A1-4AEF-B70A-A5DB16AEEB60}"
EndProject
Global
	GlobalSection(SolutionConfigurationPlatforms) = preSolution
		Debug|Any CPU = Debug|Any CPU
		Release|Any CPU = Release|Any CPU
	EndGlobalSection
	GlobalSection(ProjectConfigurationPlatforms) = postSolution
		{2B566A66-32A1-4AEF-B70A-A5DB16AEEB60}.Debug|Any CPU.ActiveCfg = Debug|Any CPU
		{2B566A66-32A1-4AEF-B70A-A5DB16AEEB60}.Debug|Any CPU.Build.0 = Debug|Any CPU
		{2B566A66-32A1-4AEF-B70A-A5DB16AEEB60}.Release|Any CPU.ActiveCfg = Release|Any CPU
		{2B566A66-32A1-4AEF-B70A-A5DB16AEEB60}.Release|Any CPU.Build.0 = Release|Any CPU
	EndGlobalSection
EndGlobal
